
Microsoft Visual Studio Solution File, Format Version 12.00
# Visual Studio 15
VisualStudioVersion = 15.0.27703.2035
MinimumVisualStudioVersion = 10.0.40219.1
Project("{FAE04EC0-301F-11D3-BF4B-00C04F79EFBC}") = "SHYJ_App", "SHYJ_App.csproj", "{CF9D09ED-BC98-45E9-AA91-50CAFD159329}"
EndProject
Global
	GlobalSection(SolutionConfigurationPlatforms) = preSolution
		Debug|Any CPU = Debug|Any CPU
		Release|Any CPU = Release|Any CPU
	EndGlobalSection
	GlobalSection(ProjectConfigurationPlatforms) = postSolution
		{CF9D09ED-BC98-45E9-AA91-50CAFD159329}.Debug|Any CPU.ActiveCfg = Debug|Any CPU
		{CF9D09ED-BC98-45E9-AA91-50CAFD159329}.Debug|Any CPU.Build.0 = Debug|Any CPU
		{CF9D09ED-BC98-45E9-AA91-50CAFD159329}.Release|Any CPU.ActiveCfg = Release|Any CPU
		{CF9D09ED-BC98-45E9-AA91-50CAFD159329}.Release|Any CPU.Build.0 = Release|Any CPU
	EndGlobalSection
	GlobalSection(SolutionProperties) = preSolution
		HideSolutionNode = FALSE
	EndGlobalSection
	GlobalSection(ExtensibilityGlobals) = postSolution
		SolutionGuid = {B35D56DB-A203-49F2-87B2-A8098718DC65}
	EndGlobalSection
EndGlobal
